
Microsoft Visual Studio Solution File, Format Version 12.00
# Visual Studio Version 17
VisualStudioVersion = 17.7.34221.43
MinimumVisualStudioVersion = 10.0.40219.1
Project("{FAE04EC0-301F-11D3-BF4B-00C04F79EFBC}") = "SistemaInventario", "SistemaInventario\SistemaInventario.csproj", "{71FE02B6-510D-4142-B135-DC2F3FA55BD6}"
EndProject
Global
	GlobalSection(SolutionConfigurationPlatforms) = preSolution
		Debug|Any CPU = Debug|Any CPU
		Release|Any CPU = Release|Any CPU
	EndGlobalSection
	GlobalSection(ProjectConfigurationPlatforms) = postSolution
		{71FE02B6-510D-4142-B135-DC2F3FA55BD6}.Debug|Any CPU.ActiveCfg = Debug|Any CPU
		{71FE02B6-510D-4142-B135-DC2F3FA55BD6}.Debug|Any CPU.Build.0 = Debug|Any CPU
		{71FE02B6-510D-4142-B135-DC2F3FA55BD6}.Release|Any CPU.ActiveCfg = Release|Any CPU
		{71FE02B6-510D-4142-B135-DC2F3FA55BD6}.Release|Any CPU.Build.0 = Release|Any CPU
	EndGlobalSection
	GlobalSection(SolutionProperties) = preSolution
		HideSolutionNode = FALSE
	EndGlobalSection
	GlobalSection(ExtensibilityGlobals) = postSolution
		SolutionGuid = {4441EFE1-7B30-4A8B-A948-57F53EC0267E}
	EndGlobalSection
EndGlobal
